{
    "_meta": {
        "hash": {
            "sha256": "2a48ad641f88883c1256944bf2d77fa9ce7209b1d89e945d36d34277710b6323"
        },
        "pipfile-spec": 6,
        "requires": {
            "python_version": "3.5"
        },
        "sources": [
            {
                "name": "pypi",
                "url": "https://pypi.org/simple",
                "verify_ssl": true
            }
        ]
    },
    "default": {
        "six": {
            "hashes": [
                "sha256:1f1b7d42e254082a9db6279deae68afb421ceba6158efa6131de7b3003ee93fd",
                "sha256:30f610279e8b2578cab6db20741130331735c781b56053c59c4076da27f06b66"
            ],
            "version": "==1.13.0"
        },
        "transitions": {
            "hashes": [
                "sha256:2822e51bd4108bb9730cd883da0949d9948c2d8638b3fb78f19c80f6865dfa4c",
                "sha256:b73015080833b753cbb4a10f51f8234924ddfbdbaf33539fee4e4f3abfff454d"
            ],
            "index": "pypi",
            "version": "==0.7.1"
        }
    },
    "develop": {}
}
